
Microsoft Visual Studio Solution File, Format Version 12.00
# Visual Studio Version 17
VisualStudioVersion = 17.8.34525.116
MinimumVisualStudioVersion = 10.0.40219.1
Project("{FAE04EC0-301F-11D3-BF4B-00C04F79EFBC}") = "TablePrintApp", "TablePrintApp\TablePrintApp.csproj", "{FBE02B97-B84F-47DE-BE4A-64F93C939C81}"
EndProject
Global
	GlobalSection(SolutionConfigurationPlatforms) = preSolution
		Debug|Any CPU = Debug|Any CPU
		Release|Any CPU = Release|Any CPU
	EndGlobalSection
	GlobalSection(ProjectConfigurationPlatforms) = postSolution
		{FBE02B97-B84F-47DE-BE4A-64F93C939C81}.Debug|Any CPU.ActiveCfg = Debug|Any CPU
		{FBE02B97-B84F-47DE-BE4A-64F93C939C81}.Debug|Any CPU.Build.0 = Debug|Any CPU
		{FBE02B97-B84F-47DE-BE4A-64F93C939C81}.Release|Any CPU.ActiveCfg = Release|Any CPU
		{FBE02B97-B84F-47DE-BE4A-64F93C939C81}.Release|Any CPU.Build.0 = Release|Any CPU
	EndGlobalSection
	GlobalSection(SolutionProperties) = preSolution
		HideSolutionNode = FALSE
	EndGlobalSection
	GlobalSection(ExtensibilityGlobals) = postSolution
		SolutionGuid = {8C09AC7A-9BEF-49CE-875D-ACC6CDBC9C4F}
	EndGlobalSection
EndGlobal
